
Microsoft Visual Studio Solution File, Format Version 12.00
# Visual Studio Version 17
VisualStudioVersion = 17.3.32922.545
MinimumVisualStudioVersion = 10.0.40219.1
Project("{9A19103F-16F7-4668-BE54-9A1E7A4F7556}") = "IGames", "IGames.csproj", "{47086A6B-05B8-42CD-A778-BBAE4DC00AE2}"
EndProject
Project("{FAE04EC0-301F-11D3-BF4B-00C04F79EFBC}") = "DataAccess", "..\DataAccess\DataAccess.csproj", "{8F573D7B-D023-4A80-B1AA-5EEE017F4187}"
EndProject
Project("{FAE04EC0-301F-11D3-BF4B-00C04F79EFBC}") = "RModel", "..\RModel\RModel.csproj", "{E0036EEC-66D8-4678-B7BF-1EF9796C2088}"
EndProject
Global
	GlobalSection(SolutionConfigurationPlatforms) = preSolution
		Debug|Any CPU = Debug|Any CPU
		Release|Any CPU = Release|Any CPU
	EndGlobalSection
	GlobalSection(ProjectConfigurationPlatforms) = postSolution
		{47086A6B-05B8-42CD-A778-BBAE4DC00AE2}.Debug|Any CPU.ActiveCfg = Debug|Any CPU
		{47086A6B-05B8-42CD-A778-BBAE4DC00AE2}.Debug|Any CPU.Build.0 = Debug|Any CPU
		{47086A6B-05B8-42CD-A778-BBAE4DC00AE2}.Release|Any CPU.ActiveCfg = Release|Any CPU
		{47086A6B-05B8-42CD-A778-BBAE4DC00AE2}.Release|Any CPU.Build.0 = Release|Any CPU
		{8F573D7B-D023-4A80-B1AA-5EEE017F4187}.Debug|Any CPU.ActiveCfg = Debug|Any CPU
		{8F573D7B-D023-4A80-B1AA-5EEE017F4187}.Debug|Any CPU.Build.0 = Debug|Any CPU
		{8F573D7B-D023-4A80-B1AA-5EEE017F4187}.Release|Any CPU.ActiveCfg = Release|Any CPU
		{8F573D7B-D023-4A80-B1AA-5EEE017F4187}.Release|Any CPU.Build.0 = Release|Any CPU
		{E0036EEC-66D8-4678-B7BF-1EF9796C2088}.Debug|Any CPU.ActiveCfg = Debug|Any CPU
		{E0036EEC-66D8-4678-B7BF-1EF9796C2088}.Debug|Any CPU.Build.0 = Debug|Any CPU
		{E0036EEC-66D8-4678-B7BF-1EF9796C2088}.Release|Any CPU.ActiveCfg = Release|Any CPU
		{E0036EEC-66D8-4678-B7BF-1EF9796C2088}.Release|Any CPU.Build.0 = Release|Any CPU
	EndGlobalSection
	GlobalSection(SolutionProperties) = preSolution
		HideSolutionNode = FALSE
	EndGlobalSection
	GlobalSection(ExtensibilityGlobals) = postSolution
		SolutionGuid = {7ACA0129-EDBB-4334-B6C7-3AA6468F8780}
	EndGlobalSection
EndGlobal
